
Microsoft Visual Studio Solution File, Format Version 12.00
# Visual Studio Version 17
VisualStudioVersion = 17.4.33205.214
MinimumVisualStudioVersion = 10.0.40219.1
Project("{FAE04EC0-301F-11D3-BF4B-00C04F79EFBC}") = "DataPortalApi", "DataPortalApi.csproj", "{78FFE1EA-EF22-4805-877F-A0D992462360}"
EndProject
Global
	GlobalSection(SolutionConfigurationPlatforms) = preSolution
		Debug|Any CPU = Debug|Any CPU
		Release|Any CPU = Release|Any CPU
	EndGlobalSection
	GlobalSection(ProjectConfigurationPlatforms) = postSolution
		{78FFE1EA-EF22-4805-877F-A0D992462360}.Debug|Any CPU.ActiveCfg = Debug|Any CPU
		{78FFE1EA-EF22-4805-877F-A0D992462360}.Debug|Any CPU.Build.0 = Debug|Any CPU
		{78FFE1EA-EF22-4805-877F-A0D992462360}.Release|Any CPU.ActiveCfg = Release|Any CPU
		{78FFE1EA-EF22-4805-877F-A0D992462360}.Release|Any CPU.Build.0 = Release|Any CPU
	EndGlobalSection
	GlobalSection(SolutionProperties) = preSolution
		HideSolutionNode = FALSE
	EndGlobalSection
	GlobalSection(ExtensibilityGlobals) = postSolution
		SolutionGuid = {37473A11-0870-4279-BAC4-5AD261CECB59}
	EndGlobalSection
EndGlobal
